
Microsoft Visual Studio Solution File, Format Version 12.00
# Visual Studio Version 16
VisualStudioVersion = 16.0.30804.86
MinimumVisualStudioVersion = 10.0.40219.1
Project("{FAE04EC0-301F-11D3-BF4B-00C04F79EFBC}") = "попрыгун", "попрыгун\попрыгун.csproj", "{289E7840-9EB4-4F9B-AACE-6DC572281173}"
EndProject
Global
	GlobalSection(SolutionConfigurationPlatforms) = preSolution
		Debug|Any CPU = Debug|Any CPU
		Release|Any CPU = Release|Any CPU
	EndGlobalSection
	GlobalSection(ProjectConfigurationPlatforms) = postSolution
		{289E7840-9EB4-4F9B-AACE-6DC572281173}.Debug|Any CPU.ActiveCfg = Debug|Any CPU
		{289E7840-9EB4-4F9B-AACE-6DC572281173}.Debug|Any CPU.Build.0 = Debug|Any CPU
		{289E7840-9EB4-4F9B-AACE-6DC572281173}.Release|Any CPU.ActiveCfg = Release|Any CPU
		{289E7840-9EB4-4F9B-AACE-6DC572281173}.Release|Any CPU.Build.0 = Release|Any CPU
	EndGlobalSection
	GlobalSection(SolutionProperties) = preSolution
		HideSolutionNode = FALSE
	EndGlobalSection
	GlobalSection(ExtensibilityGlobals) = postSolution
		SolutionGuid = {2E530156-AF18-4E8E-8B2B-4019DDECC063}
	EndGlobalSection
EndGlobal
